
Microsoft Visual Studio Solution File, Format Version 12.00
# Visual Studio Version 16
VisualStudioVersion = 16.0.29806.167
MinimumVisualStudioVersion = 10.0.40219.1
Project("{FAE04EC0-301F-11D3-BF4B-00C04F79EFBC}") = "MiPrimerApi", "MiPrimerApi\MiPrimerApi.csproj", "{BB4B8F93-8AD7-4D50-9D42-C98AF879FBF6}"
EndProject
Global
	GlobalSection(SolutionConfigurationPlatforms) = preSolution
		Debug|Any CPU = Debug|Any CPU
		Release|Any CPU = Release|Any CPU
	EndGlobalSection
	GlobalSection(ProjectConfigurationPlatforms) = postSolution
		{BB4B8F93-8AD7-4D50-9D42-C98AF879FBF6}.Debug|Any CPU.ActiveCfg = Debug|Any CPU
		{BB4B8F93-8AD7-4D50-9D42-C98AF879FBF6}.Debug|Any CPU.Build.0 = Debug|Any CPU
		{BB4B8F93-8AD7-4D50-9D42-C98AF879FBF6}.Release|Any CPU.ActiveCfg = Release|Any CPU
		{BB4B8F93-8AD7-4D50-9D42-C98AF879FBF6}.Release|Any CPU.Build.0 = Release|Any CPU
	EndGlobalSection
	GlobalSection(SolutionProperties) = preSolution
		HideSolutionNode = FALSE
	EndGlobalSection
	GlobalSection(ExtensibilityGlobals) = postSolution
		SolutionGuid = {23C83FDC-E70F-4BA9-A80A-DEF53377A759}
	EndGlobalSection
EndGlobal
